Microsoft Visual Studio Solution File, Format Version 11.00
# Visual Studio 2008

Project("{E759736D-711D-FC4E-95E0-5D61FAB3C94A}") = "Amazing Racer", "Assembly-CSharp-firstpass.csproj", "{A6708F97-FF83-109E-EF33-856C0C70ACA5}"
EndProject
Project("{E759736D-711D-FC4E-95E0-5D61FAB3C94A}") = "Amazing Racer", "Assembly-CSharp.csproj", "{E0E58730-30F1-8B21-9C3B-1AFEEBFC567C}"
EndProject
Project("{E759736D-711D-FC4E-95E0-5D61FAB3C94A}") = "Amazing Racer", "Assembly-UnityScript-firstpass.unityproj", "{00A36A46-9B87-A8EF-EA5A-2829B6D1128C}"
EndProject
Global
	GlobalSection(SolutionConfigurationPlatforms) = preSolution
		Debug|Any CPU = Debug|Any CPU
		Release|Any CPU = Release|Any CPU
	EndGlobalSection
	GlobalSection(ProjectConfigurationPlatforms) = postSolution
		{A6708F97-FF83-109E-EF33-856C0C70ACA5}.Debug|Any CPU.ActiveCfg = Debug|Any CPU
		{A6708F97-FF83-109E-EF33-856C0C70ACA5}.Debug|Any CPU.Build.0 = Debug|Any CPU
		{A6708F97-FF83-109E-EF33-856C0C70ACA5}.Release|Any CPU.ActiveCfg = Release|Any CPU
		{A6708F97-FF83-109E-EF33-856C0C70ACA5}.Release|Any CPU.Build.0 = Release|Any CPU
		{E0E58730-30F1-8B21-9C3B-1AFEEBFC567C}.Debug|Any CPU.ActiveCfg = Debug|Any CPU
		{E0E58730-30F1-8B21-9C3B-1AFEEBFC567C}.Debug|Any CPU.Build.0 = Debug|Any CPU
		{E0E58730-30F1-8B21-9C3B-1AFEEBFC567C}.Release|Any CPU.ActiveCfg = Release|Any CPU
		{E0E58730-30F1-8B21-9C3B-1AFEEBFC567C}.Release|Any CPU.Build.0 = Release|Any CPU
		{00A36A46-9B87-A8EF-EA5A-2829B6D1128C}.Debug|Any CPU.ActiveCfg = Debug|Any CPU
		{00A36A46-9B87-A8EF-EA5A-2829B6D1128C}.Debug|Any CPU.Build.0 = Debug|Any CPU
		{00A36A46-9B87-A8EF-EA5A-2829B6D1128C}.Release|Any CPU.ActiveCfg = Release|Any CPU
		{00A36A46-9B87-A8EF-EA5A-2829B6D1128C}.Release|Any CPU.Build.0 = Release|Any CPU
	EndGlobalSection
	GlobalSection(SolutionProperties) = preSolution
		HideSolutionNode = FALSE
	EndGlobalSection
								GlobalSection(MonoDevelopProperties) = preSolution
		StartupItem = Assembly-CSharp.csproj
		Policies = $0
		$0.TextStylePolicy = $1
		$1.inheritsSet = null
		$1.scope = text/x-csharp
		$0.CSharpFormattingPolicy = $2
		$2.inheritsSet = Mono
		$2.inheritsScope = text/x-csharp
		$2.scope = text/x-csharp
		$0.TextStylePolicy = $3
		$3.FileWidth = 120
		$3.TabWidth = 4
		$3.IndentWidth = 4
		$3.EolMarker = Unix
		$3.inheritsSet = Mono
		$3.inheritsScope = text/plain
		$3.scope = text/plain
	EndGlobalSection

EndGlobal
